
Microsoft Visual Studio Solution File, Format Version 12.00
# Visual Studio Version 16
VisualStudioVersion = 16.0.31613.86
MinimumVisualStudioVersion = 10.0.40219.1
Project("{9A19103F-16F7-4668-BE54-9A1E7A4F7556}") = "BasicCal", "BasicCal\BasicCal.csproj", "{7BB5A1C4-3E14-486F-8AB2-3550B3471894}"
EndProject
Global
	GlobalSection(SolutionConfigurationPlatforms) = preSolution
		Debug|Any CPU = Debug|Any CPU
		Release|Any CPU = Release|Any CPU
	EndGlobalSection
	GlobalSection(ProjectConfigurationPlatforms) = postSolution
		{7BB5A1C4-3E14-486F-8AB2-3550B3471894}.Debug|Any CPU.ActiveCfg = Debug|Any CPU
		{7BB5A1C4-3E14-486F-8AB2-3550B3471894}.Debug|Any CPU.Build.0 = Debug|Any CPU
		{7BB5A1C4-3E14-486F-8AB2-3550B3471894}.Release|Any CPU.ActiveCfg = Release|Any CPU
		{7BB5A1C4-3E14-486F-8AB2-3550B3471894}.Release|Any CPU.Build.0 = Release|Any CPU
	EndGlobalSection
	GlobalSection(SolutionProperties) = preSolution
		HideSolutionNode = FALSE
	EndGlobalSection
	GlobalSection(ExtensibilityGlobals) = postSolution
		SolutionGuid = {EEE1812C-01DE-4EF6-9587-496A122EA0C1}
	EndGlobalSection
EndGlobal
